// !$*UTF8*$!
{
	archiveVersion = 1;
	classes = {
	};
	objectVersion = 56;
	objects = {

/* Begin PBXBuildFile section */
		99C49C202C3860D900EB4497 /* AppDelegate.swift in Sources */ = {isa = PBXBuildFile; fileRef = 99C49C1F2C3860D900EB4497 /* AppDelegate.swift */; };
		99C49C222C3860D900EB4497 /* SceneDelegate.swift in Sources */ = {isa = PBXBuildFile; fileRef = 99C49C212C3860D900EB4497 /* SceneDelegate.swift */; };
		99C49C242C3860D900EB4497 /* WeatherViewController.swift in Sources */ = {isa = PBXBuildFile; fileRef = 99C49C232C3860D900EB4497 /* WeatherViewController.swift */; };
		99C49C292C3860DB00EB4497 /* Assets.xcassets in Resources */ = {isa = PBXBuildFile; fileRef = 99C49C282C3860DB00EB4497 /* Assets.xcassets */; };
		99C49C2C2C3860DB00EB4497 /* Base in Resources */ = {isa = PBXBuildFile; fileRef = 99C49C2B2C3860DB00EB4497 /* Base */; };
		99C49C352C38689F00EB4497 /* Alamofire in Frameworks */ = {isa = PBXBuildFile; productRef = 99C49C342C38689F00EB4497 /* Alamofire */; };
		99C49C392C38A02100EB4497 /* RemoteDataManager.swift in Sources */ = {isa = PBXBuildFile; fileRef = 99C49C382C38A02100EB4497 /* RemoteDataManager.swift */; };
		99C49C3C2C38A17300EB4497 /* WeatherData.swift in Sources */ = {isa = PBXBuildFile; fileRef = 99C49C3B2C38A17300EB4497 /* WeatherData.swift */; };
		99C49C3E2C38A27500EB4497 /* Clouds.swift in Sources */ = {isa = PBXBuildFile; fileRef = 99C49C3D2C38A27500EB4497 /* Clouds.swift */; };
		99C49C402C38A28900EB4497 /* Coord.swift in Sources */ = {isa = PBXBuildFile; fileRef = 99C49C3F2C38A28900EB4497 /* Coord.swift */; };
		99C49C422C38A2B300EB4497 /* Main.swift in Sources */ = {isa = PBXBuildFile; fileRef = 99C49C412C38A2B300EB4497 /* Main.swift */; };
		99C49C442C38A2D500EB4497 /* Rain.swift in Sources */ = {isa = PBXBuildFile; fileRef = 99C49C432C38A2D500EB4497 /* Rain.swift */; };
		99C49C462C38A2F800EB4497 /* Weather.swift in Sources */ = {isa = PBXBuildFile; fileRef = 99C49C452C38A2F800EB4497 /* Weather.swift */; };
		99C49C482C38A31B00EB4497 /* Wind.swift in Sources */ = {isa = PBXBuildFile; fileRef = 99C49C472C38A31B00EB4497 /* Wind.swift */; };
		99C49C4A2C38A39000EB4497 /* Sys.swift in Sources */ = {isa = PBXBuildFile; fileRef = 99C49C492C38A39000EB4497 /* Sys.swift */; };
		99C49C4C2C38A6AF00EB4497 /* Cities.swift in Sources */ = {isa = PBXBuildFile; fileRef = 99C49C4B2C38A6AF00EB4497 /* Cities.swift */; };
		99C49C4E2C38AD9A00EB4497 /* Location.swift in Sources */ = {isa = PBXBuildFile; fileRef = 99C49C4D2C38AD9A00EB4497 /* Location.swift */; };
		99C49C512C3C8CF300EB4497 /* WeatherViewModel.swift in Sources */ = {isa = PBXBuildFile; fileRef = 99C49C502C3C8CF300EB4497 /* WeatherViewModel.swift */; };
		99C49C532C3C8DA600EB4497 /* ViewModelFactory.swift in Sources */ = {isa = PBXBuildFile; fileRef = 99C49C522C3C8DA600EB4497 /* ViewModelFactory.swift */; };
		99C49C572C3C901F00EB4497 /* ViewControllerFactory.swift in Sources */ = {isa = PBXBuildFile; fileRef = 99C49C562C3C901F00EB4497 /* ViewControllerFactory.swift */; };
		99C49C5A2C3C995100EB4497 /* LoadingView.swift in Sources */ = {isa = PBXBuildFile; fileRef = 99C49C592C3C995100EB4497 /* LoadingView.swift */; };
		99C49C5D2C3CA1D400EB4497 /* ImageAssetsTitles.swift in Sources */ = {isa = PBXBuildFile; fileRef = 99C49C5C2C3CA1D400EB4497 /* ImageAssetsTitles.swift */; };
		99C49C602C3CB94E00EB4497 /* CitiesViewController.swift in Sources */ = {isa = PBXBuildFile; fileRef = 99C49C5F2C3CB94E00EB4497 /* CitiesViewController.swift */; };
		99C49C632C3CBB5D00EB4497 /* CitiesViewModel.swift in Sources */ = {isa = PBXBuildFile; fileRef = 99C49C622C3CBB5D00EB4497 /* CitiesViewModel.swift */; };
		99C49C662C3CBC7500EB4497 /* Coordinator.swift in Sources */ = {isa = PBXBuildFile; fileRef = 99C49C652C3CBC7500EB4497 /* Coordinator.swift */; };
		99C49C6A2C3CBCA600EB4497 /* Router.swift in Sources */ = {isa = PBXBuildFile; fileRef = 99C49C692C3CBCA600EB4497 /* Router.swift */; };
		99C49C6D2C3CBCF300EB4497 /* NavigationRouter.swift in Sources */ = {isa = PBXBuildFile; fileRef = 99C49C6C2C3CBCF300EB4497 /* NavigationRouter.swift */; };
		99C49C702C3CBD2A00EB4497 /* WeatherCoordinator.swift in Sources */ = {isa = PBXBuildFile; fileRef = 99C49C6F2C3CBD2A00EB4497 /* WeatherCoordinator.swift */; };
		99C49C722C3CBF2100EB4497 /* CoordinatorFactory.swift in Sources */ = {isa = PBXBuildFile; fileRef = 99C49C712C3CBF2000EB4497 /* CoordinatorFactory.swift */; };
		99C49C752C3CC19500EB4497 /* DataManager.swift in Sources */ = {isa = PBXBuildFile; fileRef = 99C49C742C3CC19500EB4497 /* DataManager.swift */; };
		99C49C772C3CC76F00EB4497 /* CitiesCoordinator.swift in Sources */ = {isa = PBXBuildFile; fileRef = 99C49C762C3CC76E00EB4497 /* CitiesCoordinator.swift */; };
		99C49C792C3CCCCA00EB4497 /* ModalPresentationRouter.swift in Sources */ = {isa = PBXBuildFile; fileRef = 99C49C782C3CCCCA00EB4497 /* ModalPresentationRouter.swift */; };
/* End PBXBuildFile section */

/* Begin PBXFileReference section */
		99C49C1C2C3860D900EB4497 /* Weather.app */ = {isa = PBXFileReference; explicitFileType = wrapper.application; includeInIndex = 0; path = Weather.app; sourceTree = BUILT_PRODUCTS_DIR; };
		99C49C1F2C3860D900EB4497 /* AppDelegate.swift */ = {isa = PBXFileReference; lastKnownFileType = sourcecode.swift; path = AppDelegate.swift; sourceTree = "<group>"; };
		99C49C212C3860D900EB4497 /* SceneDelegate.swift */ = {isa = PBXFileReference; lastKnownFileType = sourcecode.swift; path = SceneDelegate.swift; sourceTree = "<group>"; };
		99C49C232C3860D900EB4497 /* WeatherViewController.swift */ = {isa = PBXFileReference; lastKnownFileType = sourcecode.swift; path = WeatherViewController.swift; sourceTree = "<group>"; };
		99C49C282C3860DB00EB4497 /* Assets.xcassets */ = {isa = PBXFileReference; lastKnownFileType = folder.assetcatalog; path = Assets.xcassets; sourceTree = "<group>"; };
		99C49C2B2C3860DB00EB4497 /* Base */ = {isa = PBXFileReference; lastKnownFileType = file.storyboard; name = Base; path = Base.lproj/LaunchScreen.storyboard; sourceTree = "<group>"; };
		99C49C2D2C3860DB00EB4497 /* Info.plist */ = {isa = PBXFileReference; lastKnownFileType = text.plist.xml; path = Info.plist; sourceTree = "<group>"; };
		99C49C382C38A02100EB4497 /* RemoteDataManager.swift */ = {isa = PBXFileReference; lastKnownFileType = sourcecode.swift; path = RemoteDataManager.swift; sourceTree = "<group>"; };
		99C49C3B2C38A17300EB4497 /* WeatherData.swift */ = {isa = PBXFileReference; lastKnownFileType = sourcecode.swift; path = WeatherData.swift; sourceTree = "<group>"; };
		99C49C3D2C38A27500EB4497 /* Clouds.swift */ = {isa = PBXFileReference; lastKnownFileType = sourcecode.swift; path = Clouds.swift; sourceTree = "<group>"; };
		99C49C3F2C38A28900EB4497 /* Coord.swift */ = {isa = PBXFileReference; lastKnownFileType = sourcecode.swift; path = Coord.swift; sourceTree = "<group>"; };
		99C49C412C38A2B300EB4497 /* Main.swift */ = {isa = PBXFileReference; lastKnownFileType = sourcecode.swift; path = Main.swift; sourceTree = "<group>"; };
		99C49C432C38A2D500EB4497 /* Rain.swift */ = {isa = PBXFileReference; lastKnownFileType = sourcecode.swift; path = Rain.swift; sourceTree = "<group>"; };
		99C49C452C38A2F800EB4497 /* Weather.swift */ = {isa = PBXFileReference; lastKnownFileType = sourcecode.swift; path = Weather.swift; sourceTree = "<group>"; };
		99C49C472C38A31B00EB4497 /* Wind.swift */ = {isa = PBXFileReference; lastKnownFileType = sourcecode.swift; path = Wind.swift; sourceTree = "<group>"; };
		99C49C492C38A39000EB4497 /* Sys.swift */ = {isa = PBXFileReference; lastKnownFileType = sourcecode.swift; path = Sys.swift; sourceTree = "<group>"; };
		99C49C4B2C38A6AF00EB4497 /* Cities.swift */ = {isa = PBXFileReference; lastKnownFileType = sourcecode.swift; path = Cities.swift; sourceTree = "<group>"; };
		99C49C4D2C38AD9A00EB4497 /* Location.swift */ = {isa = PBXFileReference; lastKnownFileType = sourcecode.swift; path = Location.swift; sourceTree = "<group>"; };
		99C49C502C3C8CF300EB4497 /* WeatherViewModel.swift */ = {isa = PBXFileReference; lastKnownFileType = sourcecode.swift; path = WeatherViewModel.swift; sourceTree = "<group>"; };
		99C49C522C3C8DA600EB4497 /* ViewModelFactory.swift */ = {isa = PBXFileReference; lastKnownFileType = sourcecode.swift; path = ViewModelFactory.swift; sourceTree = "<group>"; };
		99C49C562C3C901F00EB4497 /* ViewControllerFactory.swift */ = {isa = PBXFileReference; lastKnownFileType = sourcecode.swift; path = ViewControllerFactory.swift; sourceTree = "<group>"; };
		99C49C592C3C995100EB4497 /* LoadingView.swift */ = {isa = PBXFileReference; lastKnownFileType = sourcecode.swift; path = LoadingView.swift; sourceTree = "<group>"; };
		99C49C5C2C3CA1D400EB4497 /* ImageAssetsTitles.swift */ = {isa = PBXFileReference; lastKnownFileType = sourcecode.swift; path = ImageAssetsTitles.swift; sourceTree = "<group>"; };
		99C49C5F2C3CB94E00EB4497 /* CitiesViewController.swift */ = {isa = PBXFileReference; lastKnownFileType = sourcecode.swift; path = CitiesViewController.swift; sourceTree = "<group>"; };
		99C49C622C3CBB5D00EB4497 /* CitiesViewModel.swift */ = {isa = PBXFileReference; lastKnownFileType = sourcecode.swift; path = CitiesViewModel.swift; sourceTree = "<group>"; };
		99C49C652C3CBC7500EB4497 /* Coordinator.swift */ = {isa = PBXFileReference; lastKnownFileType = sourcecode.swift; path = Coordinator.swift; sourceTree = "<group>"; };
		99C49C692C3CBCA600EB4497 /* Router.swift */ = {isa = PBXFileReference; lastKnownFileType = sourcecode.swift; path = Router.swift; sourceTree = "<group>"; };
		99C49C6C2C3CBCF300EB4497 /* NavigationRouter.swift */ = {isa = PBXFileReference; lastKnownFileType = sourcecode.swift; path = NavigationRouter.swift; sourceTree = "<group>"; };
		99C49C6F2C3CBD2A00EB4497 /* WeatherCoordinator.swift */ = {isa = PBXFileReference; lastKnownFileType = sourcecode.swift; path = WeatherCoordinator.swift; sourceTree = "<group>"; };
		99C49C712C3CBF2000EB4497 /* CoordinatorFactory.swift */ = {isa = PBXFileReference; lastKnownFileType = sourcecode.swift; path = CoordinatorFactory.swift; sourceTree = "<group>"; };
		99C49C742C3CC19500EB4497 /* DataManager.swift */ = {isa = PBXFileReference; lastKnownFileType = sourcecode.swift; path = DataManager.swift; sourceTree = "<group>"; };
		99C49C762C3CC76E00EB4497 /* CitiesCoordinator.swift */ = {isa = PBXFileReference; lastKnownFileType = sourcecode.swift; path = CitiesCoordinator.swift; sourceTree = "<group>"; };
		99C49C782C3CCCCA00EB4497 /* ModalPresentationRouter.swift */ = {isa = PBXFileReference; lastKnownFileType = sourcecode.swift; path = ModalPresentationRouter.swift; sourceTree = "<group>"; };
/* End PBXFileReference section */

/* Begin PBXFrameworksBuildPhase section */
		99C49C192C3860D900EB4497 /* Frameworks */ = {
			isa = PBXFrameworksBuildPhase;
			buildActionMask = 2147483647;
			files = (
				99C49C352C38689F00EB4497 /* Alamofire in Frameworks */,
			);
			runOnlyForDeploymentPostprocessing = 0;
		};
/* End PBXFrameworksBuildPhase section */

/* Begin PBXGroup section */
		99C49C132C3860D900EB4497 = {
			isa = PBXGroup;
			children = (
				99C49C1E2C3860D900EB4497 /* Weather */,
				99C49C1D2C3860D900EB4497 /* Products */,
			);
			sourceTree = "<group>";
		};
		99C49C1D2C3860D900EB4497 /* Products */ = {
			isa = PBXGroup;
			children = (
				99C49C1C2C3860D900EB4497 /* Weather.app */,
			);
			name = Products;
			sourceTree = "<group>";
		};
		99C49C1E2C3860D900EB4497 /* Weather */ = {
			isa = PBXGroup;
			children = (
				99C49C212C3860D900EB4497 /* SceneDelegate.swift */,
				99C49C1F2C3860D900EB4497 /* AppDelegate.swift */,
				99C49C712C3CBF2000EB4497 /* CoordinatorFactory.swift */,
				99C49C562C3C901F00EB4497 /* ViewControllerFactory.swift */,
				99C49C522C3C8DA600EB4497 /* ViewModelFactory.swift */,
				99C49C732C3CC18600EB4497 /* DataManager */,
				99C49C672C3CBC8200EB4497 /* Navigation */,
				99C49C4F2C3C8CDE00EB4497 /* ViewControllers */,
				99C49C3A2C38A15E00EB4497 /* Model */,
				99C49C5B2C3CA1BE00EB4497 /* Helpers */,
				99C49C282C3860DB00EB4497 /* Assets.xcassets */,
				99C49C2A2C3860DB00EB4497 /* LaunchScreen.storyboard */,
				99C49C2D2C3860DB00EB4497 /* Info.plist */,
			);
			path = Weather;
			sourceTree = "<group>";
		};
		99C49C3A2C38A15E00EB4497 /* Model */ = {
			isa = PBXGroup;
			children = (
				99C49C4B2C38A6AF00EB4497 /* Cities.swift */,
				99C49C3B2C38A17300EB4497 /* WeatherData.swift */,
				99C49C3D2C38A27500EB4497 /* Clouds.swift */,
				99C49C3F2C38A28900EB4497 /* Coord.swift */,
				99C49C412C38A2B300EB4497 /* Main.swift */,
				99C49C432C38A2D500EB4497 /* Rain.swift */,
				99C49C452C38A2F800EB4497 /* Weather.swift */,
				99C49C472C38A31B00EB4497 /* Wind.swift */,
				99C49C492C38A39000EB4497 /* Sys.swift */,
				99C49C4D2C38AD9A00EB4497 /* Location.swift */,
			);
			path = Model;
			sourceTree = "<group>";
		};
		99C49C4F2C3C8CDE00EB4497 /* ViewControllers */ = {
			isa = PBXGroup;
			children = (
				99C49C5E2C3CB92600EB4497 /* WeatherViewController */,
				99C49C612C3CBB3D00EB4497 /* CitiesViewController */,
			);
			path = ViewControllers;
			sourceTree = "<group>";
		};
		99C49C582C3C994500EB4497 /* Subviews */ = {
			isa = PBXGroup;
			children = (
				99C49C592C3C995100EB4497 /* LoadingView.swift */,
			);
			path = Subviews;
			sourceTree = "<group>";
		};
		99C49C5B2C3CA1BE00EB4497 /* Helpers */ = {
			isa = PBXGroup;
			children = (
				99C49C5C2C3CA1D400EB4497 /* ImageAssetsTitles.swift */,
			);
			path = Helpers;
			sourceTree = "<group>";
		};
		99C49C5E2C3CB92600EB4497 /* WeatherViewController */ = {
			isa = PBXGroup;
			children = (
				99C49C232C3860D900EB4497 /* WeatherViewController.swift */,
				99C49C502C3C8CF300EB4497 /* WeatherViewModel.swift */,
				99C49C582C3C994500EB4497 /* Subviews */,
			);
			path = WeatherViewController;
			sourceTree = "<group>";
		};
		99C49C612C3CBB3D00EB4497 /* CitiesViewController */ = {
			isa = PBXGroup;
			children = (
				99C49C5F2C3CB94E00EB4497 /* CitiesViewController.swift */,
				99C49C622C3CBB5D00EB4497 /* CitiesViewModel.swift */,
			);
			path = CitiesViewController;
			sourceTree = "<group>";
		};
		99C49C642C3CBC6800EB4497 /* Coordinators */ = {
			isa = PBXGroup;
			children = (
				99C49C652C3CBC7500EB4497 /* Coordinator.swift */,
				99C49C6E2C3CBD1900EB4497 /* ConcreteCoordinators */,
			);
			path = Coordinators;
			sourceTree = "<group>";
		};
		99C49C672C3CBC8200EB4497 /* Navigation */ = {
			isa = PBXGroup;
			children = (
				99C49C682C3CBC8D00EB4497 /* Routers */,
				99C49C642C3CBC6800EB4497 /* Coordinators */,
			);
			path = Navigation;
			sourceTree = "<group>";
		};
		99C49C682C3CBC8D00EB4497 /* Routers */ = {
			isa = PBXGroup;
			children = (
				99C49C692C3CBCA600EB4497 /* Router.swift */,
				99C49C6B2C3CBCE200EB4497 /* ConcreteRouters */,
			);
			path = Routers;
			sourceTree = "<group>";
		};
		99C49C6B2C3CBCE200EB4497 /* ConcreteRouters */ = {
			isa = PBXGroup;
			children = (
				99C49C6C2C3CBCF300EB4497 /* NavigationRouter.swift */,
				99C49C782C3CCCCA00EB4497 /* ModalPresentationRouter.swift */,
			);
			path = ConcreteRouters;
			sourceTree = "<group>";
		};
		99C49C6E2C3CBD1900EB4497 /* ConcreteCoordinators */ = {
			isa = PBXGroup;
			children = (
				99C49C6F2C3CBD2A00EB4497 /* WeatherCoordinator.swift */,
				99C49C762C3CC76E00EB4497 /* CitiesCoordinator.swift */,
			);
			path = ConcreteCoordinators;
			sourceTree = "<group>";
		};
		99C49C732C3CC18600EB4497 /* DataManager */ = {
			isa = PBXGroup;
			children = (
				99C49C382C38A02100EB4497 /* RemoteDataManager.swift */,
				99C49C742C3CC19500EB4497 /* DataManager.swift */,
			);
			path = DataManager;
			sourceTree = "<group>";
		};
/* End PBXGroup section */

/* Begin PBXNativeTarget section */
		99C49C1B2C3860D900EB4497 /* Weather */ = {
			isa = PBXNativeTarget;
			buildConfigurationList = 99C49C302C3860DB00EB4497 /* Build configuration list for PBXNativeTarget "Weather" */;
			buildPhases = (
				99C49C182C3860D900EB4497 /* Sources */,
				99C49C192C3860D900EB4497 /* Frameworks */,
				99C49C1A2C3860D900EB4497 /* Resources */,
			);
			buildRules = (
			);
			dependencies = (
			);
			name = Weather;
			packageProductDependencies = (
				99C49C342C38689F00EB4497 /* Alamofire */,
			);
			productName = Weather;
			productReference = 99C49C1C2C3860D900EB4497 /* Weather.app */;
			productType = "com.apple.product-type.application";
		};
/* End PBXNativeTarget section */

/* Begin PBXProject section */
		99C49C142C3860D900EB4497 /* Project object */ = {
			isa = PBXProject;
			attributes = {
				BuildIndependentTargetsInParallel = 1;
				LastSwiftUpdateCheck = 1540;
				LastUpgradeCheck = 1540;
				TargetAttributes = {
					99C49C1B2C3860D900EB4497 = {
						CreatedOnToolsVersion = 15.4;
					};
				};
			};
			buildConfigurationList = 99C49C172C3860D900EB4497 /* Build configuration list for PBXProject "Weather" */;
			compatibilityVersion = "Xcode 14.0";
			developmentRegion = en;
			hasScannedForEncodings = 0;
			knownRegions = (
				en,
				Base,
			);
			mainGroup = 99C49C132C3860D900EB4497;
			packageReferences = (
				99C49C332C38689F00EB4497 /* XCRemoteSwiftPackageReference "Alamofire" */,
			);
			productRefGroup = 99C49C1D2C3860D900EB4497 /* Products */;
			projectDirPath = "";
			projectRoot = "";
			targets = (
				99C49C1B2C3860D900EB4497 /* Weather */,
			);
		};
/* End PBXProject section */

/* Begin PBXResourcesBuildPhase section */
		99C49C1A2C3860D900EB4497 /* Resources */ = {
			isa = PBXResourcesBuildPhase;
			buildActionMask = 2147483647;
			files = (
				99C49C292C3860DB00EB4497 /* Assets.xcassets in Resources */,
				99C49C2C2C3860DB00EB4497 /* Base in Resources */,
			);
			runOnlyForDeploymentPostprocessing = 0;
		};
/* End PBXResourcesBuildPhase section */

/* Begin PBXSourcesBuildPhase section */
		99C49C182C3860D900EB4497 /* Sources */ = {
			isa = PBXSourcesBuildPhase;
			buildActionMask = 2147483647;
			files = (
				99C49C4C2C38A6AF00EB4497 /* Cities.swift in Sources */,
				99C49C402C38A28900EB4497 /* Coord.swift in Sources */,
				99C49C242C3860D900EB4497 /* WeatherViewController.swift in Sources */,
				99C49C792C3CCCCA00EB4497 /* ModalPresentationRouter.swift in Sources */,
				99C49C772C3CC76F00EB4497 /* CitiesCoordinator.swift in Sources */,
				99C49C6D2C3CBCF300EB4497 /* NavigationRouter.swift in Sources */,
				99C49C572C3C901F00EB4497 /* ViewControllerFactory.swift in Sources */,
				99C49C422C38A2B300EB4497 /* Main.swift in Sources */,
				99C49C392C38A02100EB4497 /* RemoteDataManager.swift in Sources */,
				99C49C532C3C8DA600EB4497 /* ViewModelFactory.swift in Sources */,
				99C49C482C38A31B00EB4497 /* Wind.swift in Sources */,
				99C49C4E2C38AD9A00EB4497 /* Location.swift in Sources */,
				99C49C632C3CBB5D00EB4497 /* CitiesViewModel.swift in Sources */,
				99C49C462C38A2F800EB4497 /* Weather.swift in Sources */,
				99C49C202C3860D900EB4497 /* AppDelegate.swift in Sources */,
				99C49C3E2C38A27500EB4497 /* Clouds.swift in Sources */,
				99C49C602C3CB94E00EB4497 /* CitiesViewController.swift in Sources */,
				99C49C722C3CBF2100EB4497 /* CoordinatorFactory.swift in Sources */,
				99C49C752C3CC19500EB4497 /* DataManager.swift in Sources */,
				99C49C512C3C8CF300EB4497 /* WeatherViewModel.swift in Sources */,
				99C49C702C3CBD2A00EB4497 /* WeatherCoordinator.swift in Sources */,
				99C49C6A2C3CBCA600EB4497 /* Router.swift in Sources */,
				99C49C442C38A2D500EB4497 /* Rain.swift in Sources */,
				99C49C662C3CBC7500EB4497 /* Coordinator.swift in Sources */,
				99C49C222C3860D900EB4497 /* SceneDelegate.swift in Sources */,
				99C49C3C2C38A17300EB4497 /* WeatherData.swift in Sources */,
				99C49C5D2C3CA1D400EB4497 /* ImageAssetsTitles.swift in Sources */,
				99C49C5A2C3C995100EB4497 /* LoadingView.swift in Sources */,
				99C49C4A2C38A39000EB4497 /* Sys.swift in Sources */,
			);
			runOnlyForDeploymentPostprocessing = 0;
		};
/* End PBXSourcesBuildPhase section */

/* Begin PBXVariantGroup section */
		99C49C2A2C3860DB00EB4497 /* LaunchScreen.storyboard */ = {
			isa = PBXVariantGroup;
			children = (
				99C49C2B2C3860DB00EB4497 /* Base */,
			);
			name = LaunchScreen.storyboard;
			sourceTree = "<group>";
		};
/* End PBXVariantGroup section */

/* Begin XCBuildConfiguration section */
		99C49C2E2C3860DB00EB4497 /* Debug */ = {
			isa = XCBuildConfiguration;
			buildSettings = {
				ALWAYS_SEARCH_USER_PATHS = NO;
				ASSETCATALOG_COMPILER_GENERATE_SWIFT_ASSET_SYMBOL_EXTENSIONS = YES;
				CLANG_ANALYZER_NONNULL = YES;
				CLANG_ANALYZER_NUMBER_OBJECT_CONVERSION = YES_AGGRESSIVE;
				CLANG_CXX_LANGUAGE_STANDARD = "gnu++20";
				CLANG_ENABLE_MODULES = YES;
				CLANG_ENABLE_OBJC_ARC = YES;
				CLANG_ENABLE_OBJC_WEAK = YES;
				CLANG_WARN_BLOCK_CAPTURE_AUTORELEASING = YES;
				CLANG_WARN_BOOL_CONVERSION = YES;
				CLANG_WARN_COMMA = YES;
				CLANG_WARN_CONSTANT_CONVERSION = YES;
				CLANG_WARN_DEPRECATED_OBJC_IMPLEMENTATIONS = YES;
				CLANG_WARN_DIRECT_OBJC_ISA_USAGE = YES_ERROR;
				CLANG_WARN_DOCUMENTATION_COMMENTS = YES;
				CLANG_WARN_EMPTY_BODY = YES;
				CLANG_WARN_ENUM_CONVERSION = YES;
				CLANG_WARN_INFINITE_RECURSION = YES;
				CLANG_WARN_INT_CONVERSION = YES;
				CLANG_WARN_NON_LITERAL_NULL_CONVERSION = YES;
				CLANG_WARN_OBJC_IMPLICIT_RETAIN_SELF = YES;
				CLANG_WARN_OBJC_LITERAL_CONVERSION = YES;
				CLANG_WARN_OBJC_ROOT_CLASS = YES_ERROR;
				CLANG_WARN_QUOTED_INCLUDE_IN_FRAMEWORK_HEADER = YES;
				CLANG_WARN_RANGE_LOOP_ANALYSIS = YES;
				CLANG_WARN_STRICT_PROTOTYPES = YES;
				CLANG_WARN_SUSPICIOUS_MOVE = YES;
				CLANG_WARN_UNGUARDED_AVAILABILITY = YES_AGGRESSIVE;
				CLANG_WARN_UNREACHABLE_CODE = YES;
				CLANG_WARN__DUPLICATE_METHOD_MATCH = YES;
				COPY_PHASE_STRIP = NO;
				DEBUG_INFORMATION_FORMAT = dwarf;
				ENABLE_STRICT_OBJC_MSGSEND = YES;
				ENABLE_TESTABILITY = YES;
				ENABLE_USER_SCRIPT_SANDBOXING = YES;
				GCC_C_LANGUAGE_STANDARD = gnu17;
				GCC_DYNAMIC_NO_PIC = NO;
				GCC_NO_COMMON_BLOCKS = YES;
				GCC_OPTIMIZATION_LEVEL = 0;
				GCC_PREPROCESSOR_DEFINITIONS = (
					"DEBUG=1",
					"$(inherited)",
				);
				GCC_WARN_64_TO_32_BIT_CONVERSION = YES;
				GCC_WARN_ABOUT_RETURN_TYPE = YES_ERROR;
				GCC_WARN_UNDECLARED_SELECTOR = YES;
				GCC_WARN_UNINITIALIZED_AUTOS = YES_AGGRESSIVE;
				GCC_WARN_UNUSED_FUNCTION = YES;
				GCC_WARN_UNUSED_VARIABLE = YES;
				IPHONEOS_DEPLOYMENT_TARGET = 17.5;
				LOCALIZATION_PREFERS_STRING_CATALOGS = YES;
				MTL_ENABLE_DEBUG_INFO = INCLUDE_SOURCE;
				MTL_FAST_MATH = YES;
				ONLY_ACTIVE_ARCH = YES;
				SDKROOT = iphoneos;
				SWIFT_ACTIVE_COMPILATION_CONDITIONS = "DEBUG $(inherited)";
				SWIFT_OPTIMIZATION_LEVEL = "-Onone";
			};
			name = Debug;
		};
		99C49C2F2C3860DB00EB4497 /* Release */ = {
			isa = XCBuildConfiguration;
			buildSettings = {
				ALWAYS_SEARCH_USER_PATHS = NO;
				ASSETCATALOG_COMPILER_GENERATE_SWIFT_ASSET_SYMBOL_EXTENSIONS = YES;
				CLANG_ANALYZER_NONNULL = YES;
				CLANG_ANALYZER_NUMBER_OBJECT_CONVERSION = YES_AGGRESSIVE;
				CLANG_CXX_LANGUAGE_STANDARD = "gnu++20";
				CLANG_ENABLE_MODULES = YES;
				CLANG_ENABLE_OBJC_ARC = YES;
				CLANG_ENABLE_OBJC_WEAK = YES;
				CLANG_WARN_BLOCK_CAPTURE_AUTORELEASING = YES;
				CLANG_WARN_BOOL_CONVERSION = YES;
				CLANG_WARN_COMMA = YES;
				CLANG_WARN_CONSTANT_CONVERSION = YES;
				CLANG_WARN_DEPRECATED_OBJC_IMPLEMENTATIONS = YES;
				CLANG_WARN_DIRECT_OBJC_ISA_USAGE = YES_ERROR;
				CLANG_WARN_DOCUMENTATION_COMMENTS = YES;
				CLANG_WARN_EMPTY_BODY = YES;
				CLANG_WARN_ENUM_CONVERSION = YES;
				CLANG_WARN_INFINITE_RECURSION = YES;
				CLANG_WARN_INT_CONVERSION = YES;
				CLANG_WARN_NON_LITERAL_NULL_CONVERSION = YES;
				CLANG_WARN_OBJC_IMPLICIT_RETAIN_SELF = YES;
				CLANG_WARN_OBJC_LITERAL_CONVERSION = YES;
				CLANG_WARN_OBJC_ROOT_CLASS = YES_ERROR;
				CLANG_WARN_QUOTED_INCLUDE_IN_FRAMEWORK_HEADER = YES;
				CLANG_WARN_RANGE_LOOP_ANALYSIS = YES;
				CLANG_WARN_STRICT_PROTOTYPES = YES;
				CLANG_WARN_SUSPICIOUS_MOVE = YES;
				CLANG_WARN_UNGUARDED_AVAILABILITY = YES_AGGRESSIVE;
				CLANG_WARN_UNREACHABLE_CODE = YES;
				CLANG_WARN__DUPLICATE_METHOD_MATCH = YES;
				COPY_PHASE_STRIP = NO;
				DEBUG_INFORMATION_FORMAT = "dwarf-with-dsym";
				ENABLE_NS_ASSERTIONS = NO;
				ENABLE_STRICT_OBJC_MSGSEND = YES;
				ENABLE_USER_SCRIPT_SANDBOXING = YES;
				GCC_C_LANGUAGE_STANDARD = gnu17;
				GCC_NO_COMMON_BLOCKS = YES;
				GCC_WARN_64_TO_32_BIT_CONVERSION = YES;
				GCC_WARN_ABOUT_RETURN_TYPE = YES_ERROR;
				GCC_WARN_UNDECLARED_SELECTOR = YES;
				GCC_WARN_UNINITIALIZED_AUTOS = YES_AGGRESSIVE;
				GCC_WARN_UNUSED_FUNCTION = YES;
				GCC_WARN_UNUSED_VARIABLE = YES;
				IPHONEOS_DEPLOYMENT_TARGET = 17.5;
				LOCALIZATION_PREFERS_STRING_CATALOGS = YES;
				MTL_ENABLE_DEBUG_INFO = NO;
				MTL_FAST_MATH = YES;
				SDKROOT = iphoneos;
				SWIFT_COMPILATION_MODE = wholemodule;
				VALIDATE_PRODUCT = YES;
			};
			name = Release;
		};
		99C49C312C3860DB00EB4497 /* Debug */ = {
			isa = XCBuildConfiguration;
			buildSettings = {
				ASSETCATALOG_COMPILER_APPICON_NAME = AppIcon;
				ASSETCATALOG_COMPILER_GLOBAL_ACCENT_COLOR_NAME = AccentColor;
				CODE_SIGN_STYLE = Automatic;
				CURRENT_PROJECT_VERSION = 1;
				DEVELOPMENT_TEAM = KR7D477LDQ;
				GENERATE_INFOPLIST_FILE = YES;
				INFOPLIST_FILE = Weather/Info.plist;
				INFOPLIST_KEY_UIApplicationSupportsIndirectInputEvents = YES;
				INFOPLIST_KEY_UILaunchStoryboardName = LaunchScreen;
				INFOPLIST_KEY_UIMainStoryboardFile = "";
				INFOPLIST_KEY_UISupportedInterfaceOrientations = UIInterfaceOrientationPortrait;
				INFOPLIST_KEY_UISupportedInterfaceOrientations_iPad = "UIInterfaceOrientationLandscapeLeft UIInterfaceOrientationLandscapeRight UIInterfaceOrientationPortrait UIInterfaceOrientationPortraitUpsideDown";
				LD_RUNPATH_SEARCH_PATHS = (
					"$(inherited)",
					"@executable_path/Frameworks",
				);
				MARKETING_VERSION = 1.0;
				PRODUCT_BUNDLE_IDENTIFIER = NikolaiShcherbakov.Weather;
				PRODUCT_NAME = "$(TARGET_NAME)";
				SWIFT_EMIT_LOC_STRINGS = YES;
				SWIFT_VERSION = 5.0;
				TARGETED_DEVICE_FAMILY = "1,2";
			};
			name = Debug;
		};
		99C49C322C3860DB00EB4497 /* Release */ = {
			isa = XCBuildConfiguration;
			buildSettings = {
				ASSETCATALOG_COMPILER_APPICON_NAME = AppIcon;
				ASSETCATALOG_COMPILER_GLOBAL_ACCENT_COLOR_NAME = AccentColor;
				CODE_SIGN_STYLE = Automatic;
				CURRENT_PROJECT_VERSION = 1;
				DEVELOPMENT_TEAM = KR7D477LDQ;
				GENERATE_INFOPLIST_FILE = YES;
				INFOPLIST_FILE = Weather/Info.plist;
				INFOPLIST_KEY_UIApplicationSupportsIndirectInputEvents = YES;
				INFOPLIST_KEY_UILaunchStoryboardName = LaunchScreen;
				INFOPLIST_KEY_UIMainStoryboardFile = "";
				INFOPLIST_KEY_UISupportedInterfaceOrientations = UIInterfaceOrientationPortrait;
				INFOPLIST_KEY_UISupportedInterfaceOrientations_iPad = "UIInterfaceOrientationLandscapeLeft UIInterfaceOrientationLandscapeRight UIInterfaceOrientationPortrait UIInterfaceOrientationPortraitUpsideDown";
				LD_RUNPATH_SEARCH_PATHS = (
					"$(inherited)",
					"@executable_path/Frameworks",
				);
				MARKETING_VERSION = 1.0;
				PRODUCT_BUNDLE_IDENTIFIER = NikolaiShcherbakov.Weather;
				PRODUCT_NAME = "$(TARGET_NAME)";
				SWIFT_EMIT_LOC_STRINGS = YES;
				SWIFT_VERSION = 5.0;
				TARGETED_DEVICE_FAMILY = "1,2";
			};
			name = Release;
		};
/* End XCBuildConfiguration section */

/* Begin XCConfigurationList section */
		99C49C172C3860D900EB4497 /* Build configuration list for PBXProject "Weather" */ = {
			isa = XCConfigurationList;
			buildConfigurations = (
				99C49C2E2C3860DB00EB4497 /* Debug */,
				99C49C2F2C3860DB00EB4497 /* Release */,
			);
			defaultConfigurationIsVisible = 0;
			defaultConfigurationName = Release;
		};
		99C49C302C3860DB00EB4497 /* Build configuration list for PBXNativeTarget "Weather" */ = {
			isa = XCConfigurationList;
			buildConfigurations = (
				99C49C312C3860DB00EB4497 /* Debug */,
				99C49C322C3860DB00EB4497 /* Release */,
			);
			defaultConfigurationIsVisible = 0;
			defaultConfigurationName = Release;
		};
/* End XCConfigurationList section */

/* Begin XCRemoteSwiftPackageReference section */
		99C49C332C38689F00EB4497 /* XCRemoteSwiftPackageReference "Alamofire" */ = {
			isa = XCRemoteSwiftPackageReference;
			repositoryURL = "https://github.com/Alamofire/Alamofire.git";
			requirement = {
				kind = upToNextMajorVersion;
				minimumVersion = 5.9.1;
			};
		};
/* End XCRemoteSwiftPackageReference section */

/* Begin XCSwiftPackageProductDependency section */
		99C49C342C38689F00EB4497 /* Alamofire */ = {
			isa = XCSwiftPackageProductDependency;
			package = 99C49C332C38689F00EB4497 /* XCRemoteSwiftPackageReference "Alamofire" */;
			productName = Alamofire;
		};
/* End XCSwiftPackageProductDependency section */
	};
	rootObject = 99C49C142C3860D900EB4497 /* Project object */;
}
